
Microsoft Visual Studio Solution File, Format Version 9.00
# Visual C++ Express 2005
Project("{8BC9CEB8-8B4A-11D0-8D11-00A0C91BC942}") = "sr_winamp_vc8", "sr_winamp_vc8.vcproj", "{25F337B6-05FF-419B-91BD-ACA25829635E}"
EndProject
Global
	GlobalSection(SolutionConfigurationPlatforms) = preSolution
		Debug|Win32 = Debug|Win32
		Release|Win32 = Release|Win32
	EndGlobalSection
	GlobalSection(ProjectConfigurationPlatforms) = postSolution
		{25F337B6-05FF-419B-91BD-ACA25829635E}.Debug|Win32.ActiveCfg = Debug|Win32
		{25F337B6-05FF-419B-91BD-ACA25829635E}.Debug|Win32.Build.0 = Debug|Win32
		{25F337B6-05FF-419B-91BD-ACA25829635E}.Release|Win32.ActiveCfg = Release|Win32
		{25F337B6-05FF-419B-91BD-ACA25829635E}.Release|Win32.Build.0 = Release|Win32
	EndGlobalSection
	GlobalSection(SolutionProperties) = preSolution
		HideSolutionNode = FALSE
	EndGlobalSection
EndGlobal
